
Microsoft Visual Studio Solution File, Format Version 12.00
# Visual Studio Version 17
VisualStudioVersion = 17.11.35222.181
MinimumVisualStudioVersion = 10.0.40219.1
Project("{9A19103F-16F7-4668-BE54-9A1E7A4F7556}") = "BeeGroup", "BeeGroup\BeeGroup.csproj", "{7851D081-2477-487E-AC43-FB3CD4250237}"
EndProject
Global
	GlobalSection(SolutionConfigurationPlatforms) = preSolution
		Debug|Any CPU = Debug|Any CPU
		Release|Any CPU = Release|Any CPU
	EndGlobalSection
	GlobalSection(ProjectConfigurationPlatforms) = postSolution
		{7851D081-2477-487E-AC43-FB3CD4250237}.Debug|Any CPU.ActiveCfg = Debug|Any CPU
		{7851D081-2477-487E-AC43-FB3CD4250237}.Debug|Any CPU.Build.0 = Debug|Any CPU
		{7851D081-2477-487E-AC43-FB3CD4250237}.Release|Any CPU.ActiveCfg = Release|Any CPU
		{7851D081-2477-487E-AC43-FB3CD4250237}.Release|Any CPU.Build.0 = Release|Any CPU
	EndGlobalSection
	GlobalSection(SolutionProperties) = preSolution
		HideSolutionNode = FALSE
	EndGlobalSection
	GlobalSection(ExtensibilityGlobals) = postSolution
		SolutionGuid = {F3B4D35B-ADA2-4175-AED3-3441CC949157}
	EndGlobalSection
EndGlobal
